
Microsoft Visual Studio Solution File, Format Version 12.00
# Visual Studio Version 16
VisualStudioVersion = 16.0.30621.155
MinimumVisualStudioVersion = 10.0.40219.1
Project("{FAE04EC0-301F-11D3-BF4B-00C04F79EFBC}") = "MotorcycleRent", "AlquilerDeMotos\MotorcycleRent.csproj", "{435B3A93-B8C2-4025-A428-28B054D8AA9B}"
EndProject
Global
	GlobalSection(SolutionConfigurationPlatforms) = preSolution
		Debug|Any CPU = Debug|Any CPU
		Release|Any CPU = Release|Any CPU
	EndGlobalSection
	GlobalSection(ProjectConfigurationPlatforms) = postSolution
		{435B3A93-B8C2-4025-A428-28B054D8AA9B}.Debug|Any CPU.ActiveCfg = Debug|Any CPU
		{435B3A93-B8C2-4025-A428-28B054D8AA9B}.Debug|Any CPU.Build.0 = Debug|Any CPU
		{435B3A93-B8C2-4025-A428-28B054D8AA9B}.Release|Any CPU.ActiveCfg = Release|Any CPU
		{435B3A93-B8C2-4025-A428-28B054D8AA9B}.Release|Any CPU.Build.0 = Release|Any CPU
	EndGlobalSection
	GlobalSection(SolutionProperties) = preSolution
		HideSolutionNode = FALSE
	EndGlobalSection
	GlobalSection(ExtensibilityGlobals) = postSolution
		SolutionGuid = {F7555F5E-B326-4402-AEC6-6C9D122A8103}
	EndGlobalSection
EndGlobal
